// !$*UTF8*$!
{
	archiveVersion = 1;
	classes = {
	};
	objectVersion = 50;
	objects = {

/* Begin PBXBuildFile section */
		2C068BCD213DB98400946CC8 /* AppDelegate.swift in Sources */ = {isa = PBXBuildFile; fileRef = 2C068BCC213DB98400946CC8 /* AppDelegate.swift */; };
		2C068BCF213DB98400946CC8 /* ViewController.swift in Sources */ = {isa = PBXBuildFile; fileRef = 2C068BCE213DB98400946CC8 /* ViewController.swift */; };
		2C068BD2213DB98400946CC8 /* Main.storyboard in Resources */ = {isa = PBXBuildFile; fileRef = 2C068BD0213DB98400946CC8 /* Main.storyboard */; };
		2C068BD4213DB98500946CC8 /* Assets.xcassets in Resources */ = {isa = PBXBuildFile; fileRef = 2C068BD3213DB98500946CC8 /* Assets.xcassets */; };
		2C068BD7213DB98500946CC8 /* LaunchScreen.storyboard in Resources */ = {isa = PBXBuildFile; fileRef = 2C068BD5213DB98500946CC8 /* LaunchScreen.storyboard */; };
		2C068BE2213DB98500946CC8 /* MadDemoTests.swift in Sources */ = {isa = PBXBuildFile; fileRef = 2C068BE1213DB98500946CC8 /* MadDemoTests.swift */; };
		2C068BED213DB98500946CC8 /* MadDemoUITests.swift in Sources */ = {isa = PBXBuildFile; fileRef = 2C068BEC213DB98500946CC8 /* MadDemoUITests.swift */; };
/* End PBXBuildFile section */

/* Begin PBXContainerItemProxy section */
		2C068BDE213DB98500946CC8 /* PBXContainerItemProxy */ = {
			isa = PBXContainerItemProxy;
			containerPortal = 2C068BC1213DB98400946CC8 /* Project object */;
			proxyType = 1;
			remoteGlobalIDString = 2C068BC8213DB98400946CC8;
			remoteInfo = MadDemo;
		};
		2C068BE9213DB98500946CC8 /* PBXContainerItemProxy */ = {
			isa = PBXContainerItemProxy;
			containerPortal = 2C068BC1213DB98400946CC8 /* Project object */;
			proxyType = 1;
			remoteGlobalIDString = 2C068BC8213DB98400946CC8;
			remoteInfo = MadDemo;
		};
/* End PBXContainerItemProxy section */

/* Begin PBXFileReference section */
		2C068BC9213DB98400946CC8 /* MadDemo.app */ = {isa = PBXFileReference; explicitFileType = wrapper.application; includeInIndex = 0; path = MadDemo.app; sourceTree = BUILT_PRODUCTS_DIR; };
		2C068BCC213DB98400946CC8 /* AppDelegate.swift */ = {isa = PBXFileReference; lastKnownFileType = sourcecode.swift; path = AppDelegate.swift; sourceTree = "<group>"; };
		2C068BCE213DB98400946CC8 /* ViewController.swift */ = {isa = PBXFileReference; lastKnownFileType = sourcecode.swift; path = ViewController.swift; sourceTree = "<group>"; };
		2C068BD1213DB98400946CC8 /* Base */ = {isa = PBXFileReference; lastKnownFileType = file.storyboard; name = Base; path = Base.lproj/Main.storyboard; sourceTree = "<group>"; };
		2C068BD3213DB98500946CC8 /* Assets.xcassets */ = {isa = PBXFileReference; lastKnownFileType = folder.assetcatalog; path = Assets.xcassets; sourceTree = "<group>"; };
		2C068BD6213DB98500946CC8 /* Base */ = {isa = PBXFileReference; lastKnownFileType = file.storyboard; name = Base; path = Base.lproj/LaunchScreen.storyboard; sourceTree = "<group>"; };
		2C068BD8213DB98500946CC8 /* Info.plist */ = {isa = PBXFileReference; lastKnownFileType = text.plist.xml; path = Info.plist; sourceTree = "<group>"; };
		2C068BDD213DB98500946CC8 /* MadDemoTests.xctest */ = {isa = PBXFileReference; explicitFileType = wrapper.cfbundle; includeInIndex = 0; path = MadDemoTests.xctest; sourceTree = BUILT_PRODUCTS_DIR; };
		2C068BE1213DB98500946CC8 /* MadDemoTests.swift */ = {isa = PBXFileReference; lastKnownFileType = sourcecode.swift; path = MadDemoTests.swift; sourceTree = "<group>"; };
		2C068BE3213DB98500946CC8 /* Info.plist */ = {isa = PBXFileReference; lastKnownFileType = text.plist.xml; path = Info.plist; sourceTree = "<group>"; };
		2C068BE8213DB98500946CC8 /* MadDemoUITests.xctest */ = {isa = PBXFileReference; explicitFileType = wrapper.cfbundle; includeInIndex = 0; path = MadDemoUITests.xctest; sourceTree = BUILT_PRODUCTS_DIR; };
		2C068BEC213DB98500946CC8 /* MadDemoUITests.swift */ = {isa = PBXFileReference; lastKnownFileType = sourcecode.swift; path = MadDemoUITests.swift; sourceTree = "<group>"; };
		2C068BEE213DB98500946CC8 /* Info.plist */ = {isa = PBXFileReference; lastKnownFileType = text.plist.xml; path = Info.plist; sourceTree = "<group>"; };
/* End PBXFileReference section */

/* Begin PBXFrameworksBuildPhase section */
		2C068BC6213DB98400946CC8 /* Frameworks */ = {
			isa = PBXFrameworksBuildPhase;
			buildActionMask = 2147483647;
			files = (
			);
			runOnlyForDeploymentPostprocessing = 0;
		};
		2C068BDA213DB98500946CC8 /* Frameworks */ = {
			isa = PBXFrameworksBuildPhase;
			buildActionMask = 2147483647;
			files = (
			);
			runOnlyForDeploymentPostprocessing = 0;
		};
		2C068BE5213DB98500946CC8 /* Frameworks */ = {
			isa = PBXFrameworksBuildPhase;
			buildActionMask = 2147483647;
			files = (
			);
			runOnlyForDeploymentPostprocessing = 0;
		};
/* End PBXFrameworksBuildPhase section */

/* Begin PBXGroup section */
		2C068BC0213DB98400946CC8 = {
			isa = PBXGroup;
			children = (
				2C068BCB213DB98400946CC8 /* MadDemo */,
				2C068BE0213DB98500946CC8 /* MadDemoTests */,
				2C068BEB213DB98500946CC8 /* MadDemoUITests */,
				2C068BCA213DB98400946CC8 /* Products */,
			);
			sourceTree = "<group>";
		};
		2C068BCA213DB98400946CC8 /* Products */ = {
			isa = PBXGroup;
			children = (
				2C068BC9213DB98400946CC8 /* MadDemo.app */,
				2C068BDD213DB98500946CC8 /* MadDemoTests.xctest */,
				2C068BE8213DB98500946CC8 /* MadDemoUITests.xctest */,
			);
			name = Products;
			sourceTree = "<group>";
		};
		2C068BCB213DB98400946CC8 /* MadDemo */ = {
			isa = PBXGroup;
			children = (
				2C068BCC213DB98400946CC8 /* AppDelegate.swift */,
				2C068BCE213DB98400946CC8 /* ViewController.swift */,
				2C068BD0213DB98400946CC8 /* Main.storyboard */,
				2C068BD3213DB98500946CC8 /* Assets.xcassets */,
				2C068BD5213DB98500946CC8 /* LaunchScreen.storyboard */,
				2C068BD8213DB98500946CC8 /* Info.plist */,
			);
			path = MadDemo;
			sourceTree = "<group>";
		};
		2C068BE0213DB98500946CC8 /* MadDemoTests */ = {
			isa = PBXGroup;
			children = (
				2C068BE1213DB98500946CC8 /* MadDemoTests.swift */,
				2C068BE3213DB98500946CC8 /* Info.plist */,
			);
			path = MadDemoTests;
			sourceTree = "<group>";
		};
		2C068BEB213DB98500946CC8 /* MadDemoUITests */ = {
			isa = PBXGroup;
			children = (
				2C068BEC213DB98500946CC8 /* MadDemoUITests.swift */,
				2C068BEE213DB98500946CC8 /* Info.plist */,
			);
			path = MadDemoUITests;
			sourceTree = "<group>";
		};
/* End PBXGroup section */

/* Begin PBXNativeTarget section */
		2C068BC8213DB98400946CC8 /* MadDemo */ = {
			isa = PBXNativeTarget;
			buildConfigurationList = 2C068BF1213DB98500946CC8 /* Build configuration list for PBXNativeTarget "MadDemo" */;
			buildPhases = (
				2C068BC5213DB98400946CC8 /* Sources */,
				2C068BC6213DB98400946CC8 /* Frameworks */,
				2C068BC7213DB98400946CC8 /* Resources */,
			);
			buildRules = (
			);
			dependencies = (
			);
			name = MadDemo;
			productName = MadDemo;
			productReference = 2C068BC9213DB98400946CC8 /* MadDemo.app */;
			productType = "com.apple.product-type.application";
		};
		2C068BDC213DB98500946CC8 /* MadDemoTests */ = {
			isa = PBXNativeTarget;
			buildConfigurationList = 2C068BF4213DB98500946CC8 /* Build configuration list for PBXNativeTarget "MadDemoTests" */;
			buildPhases = (
				2C068BD9213DB98500946CC8 /* Sources */,
				2C068BDA213DB98500946CC8 /* Frameworks */,
				2C068BDB213DB98500946CC8 /* Resources */,
			);
			buildRules = (
			);
			dependencies = (
				2C068BDF213DB98500946CC8 /* PBXTargetDependency */,
			);
			name = MadDemoTests;
			productName = MadDemoTests;
			productReference = 2C068BDD213DB98500946CC8 /* MadDemoTests.xctest */;
			productType = "com.apple.product-type.bundle.unit-test";
		};
		2C068BE7213DB98500946CC8 /* MadDemoUITests */ = {
			isa = PBXNativeTarget;
			buildConfigurationList = 2C068BF7213DB98500946CC8 /* Build configuration list for PBXNativeTarget "MadDemoUITests" */;
			buildPhases = (
				2C068BE4213DB98500946CC8 /* Sources */,
				2C068BE5213DB98500946CC8 /* Frameworks */,
				2C068BE6213DB98500946CC8 /* Resources */,
			);
			buildRules = (
			);
			dependencies = (
				2C068BEA213DB98500946CC8 /* PBXTargetDependency */,
			);
			name = MadDemoUITests;
			productName = MadDemoUITests;
			productReference = 2C068BE8213DB98500946CC8 /* MadDemoUITests.xctest */;
			productType = "com.apple.product-type.bundle.ui-testing";
		};
/* End PBXNativeTarget section */

/* Begin PBXProject section */
		2C068BC1213DB98400946CC8 /* Project object */ = {
			isa = PBXProject;
			attributes = {
				LastSwiftUpdateCheck = 0940;
				LastUpgradeCheck = 0940;
				ORGANIZATIONNAME = "Eddie Etheridge";
				TargetAttributes = {
					2C068BC8213DB98400946CC8 = {
						CreatedOnToolsVersion = 9.4.1;
					};
					2C068BDC213DB98500946CC8 = {
						CreatedOnToolsVersion = 9.4.1;
						TestTargetID = 2C068BC8213DB98400946CC8;
					};
					2C068BE7213DB98500946CC8 = {
						CreatedOnToolsVersion = 9.4.1;
						TestTargetID = 2C068BC8213DB98400946CC8;
					};
				};
			};
			buildConfigurationList = 2C068BC4213DB98400946CC8 /* Build configuration list for PBXProject "MadDemo" */;
			compatibilityVersion = "Xcode 9.3";
			developmentRegion = en;
			hasScannedForEncodings = 0;
			knownRegions = (
				en,
				Base,
			);
			mainGroup = 2C068BC0213DB98400946CC8;
			productRefGroup = 2C068BCA213DB98400946CC8 /* Products */;
			projectDirPath = "";
			projectRoot = "";
			targets = (
				2C068BC8213DB98400946CC8 /* MadDemo */,
				2C068BDC213DB98500946CC8 /* MadDemoTests */,
				2C068BE7213DB98500946CC8 /* MadDemoUITests */,
			);
		};
/* End PBXProject section */

/* Begin PBXResourcesBuildPhase section */
		2C068BC7213DB98400946CC8 /* Resources */ = {
			isa = PBXResourcesBuildPhase;
			buildActionMask = 2147483647;
			files = (
				2C068BD7213DB98500946CC8 /* LaunchScreen.storyboard in Resources */,
				2C068BD4213DB98500946CC8 /* Assets.xcassets in Resources */,
				2C068BD2213DB98400946CC8 /* Main.storyboard in Resources */,
			);
			runOnlyForDeploymentPostprocessing = 0;
		};
		2C068BDB213DB98500946CC8 /* Resources */ = {
			isa = PBXResourcesBuildPhase;
			buildActionMask = 2147483647;
			files = (
			);
			runOnlyForDeploymentPostprocessing = 0;
		};
		2C068BE6213DB98500946CC8 /* Resources */ = {
			isa = PBXResourcesBuildPhase;
			buildActionMask = 2147483647;
			files = (
			);
			runOnlyForDeploymentPostprocessing = 0;
		};
/* End PBXResourcesBuildPhase section */

/* Begin PBXSourcesBuildPhase section */
		2C068BC5213DB98400946CC8 /* Sources */ = {
			isa = PBXSourcesBuildPhase;
			buildActionMask = 2147483647;
			files = (
				2C068BCF213DB98400946CC8 /* ViewController.swift in Sources */,
				2C068BCD213DB98400946CC8 /* AppDelegate.swift in Sources */,
			);
			runOnlyForDeploymentPostprocessing = 0;
		};
		2C068BD9213DB98500946CC8 /* Sources */ = {
			isa = PBXSourcesBuildPhase;
			buildActionMask = 2147483647;
			files = (
				2C068BE2213DB98500946CC8 /* MadDemoTests.swift in Sources */,
			);
			runOnlyForDeploymentPostprocessing = 0;
		};
		2C068BE4213DB98500946CC8 /* Sources */ = {
			isa = PBXSourcesBuildPhase;
			buildActionMask = 2147483647;
			files = (
				2C068BED213DB98500946CC8 /* MadDemoUITests.swift in Sources */,
			);
			runOnlyForDeploymentPostprocessing = 0;
		};
/* End PBXSourcesBuildPhase section */

/* Begin PBXTargetDependency section */
		2C068BDF213DB98500946CC8 /* PBXTargetDependency */ = {
			isa = PBXTargetDependency;
			target = 2C068BC8213DB98400946CC8 /* MadDemo */;
			targetProxy = 2C068BDE213DB98500946CC8 /* PBXContainerItemProxy */;
		};
		2C068BEA213DB98500946CC8 /* PBXTargetDependency */ = {
			isa = PBXTargetDependency;
			target = 2C068BC8213DB98400946CC8 /* MadDemo */;
			targetProxy = 2C068BE9213DB98500946CC8 /* PBXContainerItemProxy */;
		};
/* End PBXTargetDependency section */

/* Begin PBXVariantGroup section */
		2C068BD0213DB98400946CC8 /* Main.storyboard */ = {
			isa = PBXVariantGroup;
			children = (
				2C068BD1213DB98400946CC8 /* Base */,
			);
			name = Main.storyboard;
			sourceTree = "<group>";
		};
		2C068BD5213DB98500946CC8 /* LaunchScreen.storyboard */ = {
			isa = PBXVariantGroup;
			children = (
				2C068BD6213DB98500946CC8 /* Base */,
			);
			name = LaunchScreen.storyboard;
			sourceTree = "<group>";
		};
/* End PBXVariantGroup section */

/* Begin XCBuildConfiguration section */
		2C068BEF213DB98500946CC8 /* Debug */ = {
			isa = XCBuildConfiguration;
			buildSettings = {
				ALWAYS_SEARCH_USER_PATHS = NO;
				CLANG_ANALYZER_NONNULL = YES;
				CLANG_ANALYZER_NUMBER_OBJECT_CONVERSION = YES_AGGRESSIVE;
				CLANG_CXX_LANGUAGE_STANDARD = "gnu++14";
				CLANG_CXX_LIBRARY = "libc++";
				CLANG_ENABLE_MODULES = YES;
				CLANG_ENABLE_OBJC_ARC = YES;
				CLANG_ENABLE_OBJC_WEAK = YES;
				CLANG_WARN_BLOCK_CAPTURE_AUTORELEASING = YES;
				CLANG_WARN_BOOL_CONVERSION = YES;
				CLANG_WARN_COMMA = YES;
				CLANG_WARN_CONSTANT_CONVERSION = YES;
				CLANG_WARN_DEPRECATED_OBJC_IMPLEMENTATIONS = YES;
				CLANG_WARN_DIRECT_OBJC_ISA_USAGE = YES_ERROR;
				CLANG_WARN_DOCUMENTATION_COMMENTS = YES;
				CLANG_WARN_EMPTY_BODY = YES;
				CLANG_WARN_ENUM_CONVERSION = YES;
				CLANG_WARN_INFINITE_RECURSION = YES;
				CLANG_WARN_INT_CONVERSION = YES;
				CLANG_WARN_NON_LITERAL_NULL_CONVERSION = YES;
				CLANG_WARN_OBJC_IMPLICIT_RETAIN_SELF = YES;
				CLANG_WARN_OBJC_LITERAL_CONVERSION = YES;
				CLANG_WARN_OBJC_ROOT_CLASS = YES_ERROR;
				CLANG_WARN_RANGE_LOOP_ANALYSIS = YES;
				CLANG_WARN_STRICT_PROTOTYPES = YES;
				CLANG_WARN_SUSPICIOUS_MOVE = YES;
				CLANG_WARN_UNGUARDED_AVAILABILITY = YES_AGGRESSIVE;
				CLANG_WARN_UNREACHABLE_CODE = YES;
				CLANG_WARN__DUPLICATE_METHOD_MATCH = YES;
				CODE_SIGN_IDENTITY = "iPhone Developer";
				COPY_PHASE_STRIP = NO;
				DEBUG_INFORMATION_FORMAT = dwarf;
				ENABLE_STRICT_OBJC_MSGSEND = YES;
				ENABLE_TESTABILITY = YES;
				GCC_C_LANGUAGE_STANDARD = gnu11;
				GCC_DYNAMIC_NO_PIC = NO;
				GCC_NO_COMMON_BLOCKS = YES;
				GCC_OPTIMIZATION_LEVEL = 0;
				GCC_PREPROCESSOR_DEFINITIONS = (
					"DEBUG=1",
					"$(inherited)",
				);
				GCC_WARN_64_TO_32_BIT_CONVERSION = YES;
				GCC_WARN_ABOUT_RETURN_TYPE = YES_ERROR;
				GCC_WARN_UNDECLARED_SELECTOR = YES;
				GCC_WARN_UNINITIALIZED_AUTOS = YES_AGGRESSIVE;
				GCC_WARN_UNUSED_FUNCTION = YES;
				GCC_WARN_UNUSED_VARIABLE = YES;
				IPHONEOS_DEPLOYMENT_TARGET = 11.4;
				MTL_ENABLE_DEBUG_INFO = YES;
				ONLY_ACTIVE_ARCH = YES;
				SDKROOT = iphoneos;
				SWIFT_ACTIVE_COMPILATION_CONDITIONS = DEBUG;
				SWIFT_OPTIMIZATION_LEVEL = "-Onone";
			};
			name = Debug;
		};
		2C068BF0213DB98500946CC8 /* Release */ = {
			isa = XCBuildConfiguration;
			buildSettings = {
				ALWAYS_SEARCH_USER_PATHS = NO;
				CLANG_ANALYZER_NONNULL = YES;
				CLANG_ANALYZER_NUMBER_OBJECT_CONVERSION = YES_AGGRESSIVE;
				CLANG_CXX_LANGUAGE_STANDARD = "gnu++14";
				CLANG_CXX_LIBRARY = "libc++";
				CLANG_ENABLE_MODULES = YES;
				CLANG_ENABLE_OBJC_ARC = YES;
				CLANG_ENABLE_OBJC_WEAK = YES;
				CLANG_WARN_BLOCK_CAPTURE_AUTORELEASING = YES;
				CLANG_WARN_BOOL_CONVERSION = YES;
				CLANG_WARN_COMMA = YES;
				CLANG_WARN_CONSTANT_CONVERSION = YES;
				CLANG_WARN_DEPRECATED_OBJC_IMPLEMENTATIONS = YES;
				CLANG_WARN_DIRECT_OBJC_ISA_USAGE = YES_ERROR;
				CLANG_WARN_DOCUMENTATION_COMMENTS = YES;
				CLANG_WARN_EMPTY_BODY = YES;
				CLANG_WARN_ENUM_CONVERSION = YES;
				CLANG_WARN_INFINITE_RECURSION = YES;
				CLANG_WARN_INT_CONVERSION = YES;
				CLANG_WARN_NON_LITERAL_NULL_CONVERSION = YES;
				CLANG_WARN_OBJC_IMPLICIT_RETAIN_SELF = YES;
				CLANG_WARN_OBJC_LITERAL_CONVERSION = YES;
				CLANG_WARN_OBJC_ROOT_CLASS = YES_ERROR;
				CLANG_WARN_RANGE_LOOP_ANALYSIS = YES;
				CLANG_WARN_STRICT_PROTOTYPES = YES;
				CLANG_WARN_SUSPICIOUS_MOVE = YES;
				CLANG_WARN_UNGUARDED_AVAILABILITY = YES_AGGRESSIVE;
				CLANG_WARN_UNREACHABLE_CODE = YES;
				CLANG_WARN__DUPLICATE_METHOD_MATCH = YES;
				CODE_SIGN_IDENTITY = "iPhone Developer";
				COPY_PHASE_STRIP = NO;
				DEBUG_INFORMATION_FORMAT = "dwarf-with-dsym";
				ENABLE_NS_ASSERTIONS = NO;
				ENABLE_STRICT_OBJC_MSGSEND = YES;
				GCC_C_LANGUAGE_STANDARD = gnu11;
				GCC_NO_COMMON_BLOCKS = YES;
				GCC_WARN_64_TO_32_BIT_CONVERSION = YES;
				GCC_WARN_ABOUT_RETURN_TYPE = YES_ERROR;
				GCC_WARN_UNDECLARED_SELECTOR = YES;
				GCC_WARN_UNINITIALIZED_AUTOS = YES_AGGRESSIVE;
				GCC_WARN_UNUSED_FUNCTION = YES;
				GCC_WARN_UNUSED_VARIABLE = YES;
				IPHONEOS_DEPLOYMENT_TARGET = 11.4;
				MTL_ENABLE_DEBUG_INFO = NO;
				SDKROOT = iphoneos;
				SWIFT_COMPILATION_MODE = wholemodule;
				SWIFT_OPTIMIZATION_LEVEL = "-O";
				VALIDATE_PRODUCT = YES;
			};
			name = Release;
		};
		2C068BF2213DB98500946CC8 /* Debug */ = {
			isa = XCBuildConfiguration;
			buildSettings = {
				ASSETCATALOG_COMPILER_APPICON_NAME = AppIcon;
				CODE_SIGN_STYLE = Automatic;
				INFOPLIST_FILE = MadDemo/Info.plist;
				LD_RUNPATH_SEARCH_PATHS = (
					"$(inherited)",
					"@executable_path/Frameworks",
				);
				PRODUCT_BUNDLE_IDENTIFIER = com.EddieEtheridge.MadDemo;
				PRODUCT_NAME = "$(TARGET_NAME)";
				SWIFT_VERSION = 4.0;
				TARGETED_DEVICE_FAMILY = "1,2";
			};
			name = Debug;
		};
		2C068BF3213DB98500946CC8 /* Release */ = {
			isa = XCBuildConfiguration;
			buildSettings = {
				ASSETCATALOG_COMPILER_APPICON_NAME = AppIcon;
				CODE_SIGN_STYLE = Automatic;
				INFOPLIST_FILE = MadDemo/Info.plist;
				LD_RUNPATH_SEARCH_PATHS = (
					"$(inherited)",
					"@executable_path/Frameworks",
				);
				PRODUCT_BUNDLE_IDENTIFIER = com.EddieEtheridge.MadDemo;
				PRODUCT_NAME = "$(TARGET_NAME)";
				SWIFT_VERSION = 4.0;
				TARGETED_DEVICE_FAMILY = "1,2";
			};
			name = Release;
		};
		2C068BF5213DB98500946CC8 /* Debug */ = {
			isa = XCBuildConfiguration;
			buildSettings = {
				ALWAYS_EMBED_SWIFT_STANDARD_LIBRARIES = YES;
				BUNDLE_LOADER = "$(TEST_HOST)";
				CODE_SIGN_STYLE = Automatic;
				INFOPLIST_FILE = MadDemoTests/Info.plist;
				LD_RUNPATH_SEARCH_PATHS = (
					"$(inherited)",
					"@executable_path/Frameworks",
					"@loader_path/Frameworks",
				);
				PRODUCT_BUNDLE_IDENTIFIER = com.EddieEtheridge.MadDemoTests;
				PRODUCT_NAME = "$(TARGET_NAME)";
				SWIFT_VERSION = 4.0;
				TARGETED_DEVICE_FAMILY = "1,2";
				TEST_HOST = "$(BUILT_PRODUCTS_DIR)/MadDemo.app/MadDemo";
			};
			name = Debug;
		};
		2C068BF6213DB98500946CC8 /* Release */ = {
			isa = XCBuildConfiguration;
			buildSettings = {
				ALWAYS_EMBED_SWIFT_STANDARD_LIBRARIES = YES;
				BUNDLE_LOADER = "$(TEST_HOST)";
				CODE_SIGN_STYLE = Automatic;
				INFOPLIST_FILE = MadDemoTests/Info.plist;
				LD_RUNPATH_SEARCH_PATHS = (
					"$(inherited)",
					"@executable_path/Frameworks",
					"@loader_path/Frameworks",
				);
				PRODUCT_BUNDLE_IDENTIFIER = com.EddieEtheridge.MadDemoTests;
				PRODUCT_NAME = "$(TARGET_NAME)";
				SWIFT_VERSION = 4.0;
				TARGETED_DEVICE_FAMILY = "1,2";
				TEST_HOST = "$(BUILT_PRODUCTS_DIR)/MadDemo.app/MadDemo";
			};
			name = Release;
		};
		2C068BF8213DB98500946CC8 /* Debug */ = {
			isa = XCBuildConfiguration;
			buildSettings = {
				ALWAYS_EMBED_SWIFT_STANDARD_LIBRARIES = YES;
				CODE_SIGN_STYLE = Automatic;
				INFOPLIST_FILE = MadDemoUITests/Info.plist;
				LD_RUNPATH_SEARCH_PATHS = (
					"$(inherited)",
					"@executable_path/Frameworks",
					"@loader_path/Frameworks",
				);
				PRODUCT_BUNDLE_IDENTIFIER = com.EddieEtheridge.MadDemoUITests;
				PRODUCT_NAME = "$(TARGET_NAME)";
				SWIFT_VERSION = 4.0;
				TARGETED_DEVICE_FAMILY = "1,2";
				TEST_TARGET_NAME = MadDemo;
			};
			name = Debug;
		};
		2C068BF9213DB98500946CC8 /* Release */ = {
			isa = XCBuildConfiguration;
			buildSettings = {
				ALWAYS_EMBED_SWIFT_STANDARD_LIBRARIES = YES;
				CODE_SIGN_STYLE = Automatic;
				INFOPLIST_FILE = MadDemoUITests/Info.plist;
				LD_RUNPATH_SEARCH_PATHS = (
					"$(inherited)",
					"@executable_path/Frameworks",
					"@loader_path/Frameworks",
				);
				PRODUCT_BUNDLE_IDENTIFIER = com.EddieEtheridge.MadDemoUITests;
				PRODUCT_NAME = "$(TARGET_NAME)";
				SWIFT_VERSION = 4.0;
				TARGETED_DEVICE_FAMILY = "1,2";
				TEST_TARGET_NAME = MadDemo;
			};
			name = Release;
		};
/* End XCBuildConfiguration section */

/* Begin XCConfigurationList section */
		2C068BC4213DB98400946CC8 /* Build configuration list for PBXProject "MadDemo" */ = {
			isa = XCConfigurationList;
			buildConfigurations = (
				2C068BEF213DB98500946CC8 /* Debug */,
				2C068BF0213DB98500946CC8 /* Release */,
			);
			defaultConfigurationIsVisible = 0;
			defaultConfigurationName = Release;
		};
		2C068BF1213DB98500946CC8 /* Build configuration list for PBXNativeTarget "MadDemo" */ = {
			isa = XCConfigurationList;
			buildConfigurations = (
				2C068BF2213DB98500946CC8 /* Debug */,
				2C068BF3213DB98500946CC8 /* Release */,
			);
			defaultConfigurationIsVisible = 0;
			defaultConfigurationName = Release;
		};
		2C068BF4213DB98500946CC8 /* Build configuration list for PBXNativeTarget "MadDemoTests" */ = {
			isa = XCConfigurationList;
			buildConfigurations = (
				2C068BF5213DB98500946CC8 /* Debug */,
				2C068BF6213DB98500946CC8 /* Release */,
			);
			defaultConfigurationIsVisible = 0;
			defaultConfigurationName = Release;
		};
		2C068BF7213DB98500946CC8 /* Build configuration list for PBXNativeTarget "MadDemoUITests" */ = {
			isa = XCConfigurationList;
			buildConfigurations = (
				2C068BF8213DB98500946CC8 /* Debug */,
				2C068BF9213DB98500946CC8 /* Release */,
			);
			defaultConfigurationIsVisible = 0;
			defaultConfigurationName = Release;
		};
/* End XCConfigurationList section */
	};
	rootObject = 2C068BC1213DB98400946CC8 /* Project object */;
}
